// !$*UTF8*$!
{
	archiveVersion = 1;
	classes = {
	};
	objectVersion = 56;
	objects = {

/* Begin PBXBuildFile section */
		9803E7DC2AD69BF2006BB489 /* AppDelegate.swift in Sources */ = {isa = PBXBuildFile; fileRef = 9803E7DB2AD69BF2006BB489 /* AppDelegate.swift */; };
		9803E7DE2AD69BF2006BB489 /* SceneDelegate.swift in Sources */ = {isa = PBXBuildFile; fileRef = 9803E7DD2AD69BF2006BB489 /* SceneDelegate.swift */; };
		9803E7E32AD69BF2006BB489 /* Main.storyboard in Resources */ = {isa = PBXBuildFile; fileRef = 9803E7E12AD69BF2006BB489 /* Main.storyboard */; };
		9803E7E52AD69BF3006BB489 /* Assets.xcassets in Resources */ = {isa = PBXBuildFile; fileRef = 9803E7E42AD69BF3006BB489 /* Assets.xcassets */; };
		9803E7E82AD69BF3006BB489 /* LaunchScreen.storyboard in Resources */ = {isa = PBXBuildFile; fileRef = 9803E7E62AD69BF3006BB489 /* LaunchScreen.storyboard */; };
		9803E7F42AD69ED2006BB489 /* UserModel.swift in Sources */ = {isa = PBXBuildFile; fileRef = 9803E7F32AD69ED2006BB489 /* UserModel.swift */; };
		9803E7F62AD69EEB006BB489 /* ApiConstants.swift in Sources */ = {isa = PBXBuildFile; fileRef = 9803E7F52AD69EEB006BB489 /* ApiConstants.swift */; };
		9803E7F92AD69F27006BB489 /* CollectionVC.swift in Sources */ = {isa = PBXBuildFile; fileRef = 9803E7F82AD69F27006BB489 /* CollectionVC.swift */; };
		9803E7FB2AD69F6B006BB489 /* CustomCell.swift in Sources */ = {isa = PBXBuildFile; fileRef = 9803E7FA2AD69F6B006BB489 /* CustomCell.swift */; };
		9803E7FE2AD69FFB006BB489 /* ImageVC.swift in Sources */ = {isa = PBXBuildFile; fileRef = 9803E7FD2AD69FFB006BB489 /* ImageVC.swift */; };
		9803E8012AD6A0F2006BB489 /* UsersTVC.swift in Sources */ = {isa = PBXBuildFile; fileRef = 9803E8002AD6A0F2006BB489 /* UsersTVC.swift */; };
		9803E8032AD6A133006BB489 /* UsersCell.swift in Sources */ = {isa = PBXBuildFile; fileRef = 9803E8022AD6A133006BB489 /* UsersCell.swift */; };
		9803E8062AD6A493006BB489 /* DetailVC.swift in Sources */ = {isa = PBXBuildFile; fileRef = 9803E8052AD6A493006BB489 /* DetailVC.swift */; };
		9803E80F2AD6E646006BB489 /* PostsVC.swift in Sources */ = {isa = PBXBuildFile; fileRef = 9803E80E2AD6E646006BB489 /* PostsVC.swift */; };
		9803E8112AD6EBD4006BB489 /* PostsCell.swift in Sources */ = {isa = PBXBuildFile; fileRef = 9803E8102AD6EBD4006BB489 /* PostsCell.swift */; };
		98A944052ADD270E00C0D22D /* Alamofire in Frameworks */ = {isa = PBXBuildFile; productRef = 98A944042ADD270E00C0D22D /* Alamofire */; };
		98A944082ADD275000C0D22D /* AlamofireImage in Frameworks */ = {isa = PBXBuildFile; productRef = 98A944072ADD275000C0D22D /* AlamofireImage */; };
		98A9440B2ADD276E00C0D22D /* SwiftyJSON in Frameworks */ = {isa = PBXBuildFile; productRef = 98A9440A2ADD276E00C0D22D /* SwiftyJSON */; };
		98A9440E2ADD2AA800C0D22D /* NetworkServices.swift in Sources */ = {isa = PBXBuildFile; fileRef = 98A9440D2ADD2AA800C0D22D /* NetworkServices.swift */; };
		98A944112ADD366400C0D22D /* CreateUserVC.swift in Sources */ = {isa = PBXBuildFile; fileRef = 98A944102ADD366400C0D22D /* CreateUserVC.swift */; };
/* End PBXBuildFile section */

/* Begin PBXFileReference section */
		9803E7D82AD69BF1006BB489 /* HomeWork24.app */ = {isa = PBXFileReference; explicitFileType = wrapper.application; includeInIndex = 0; path = HomeWork24.app; sourceTree = BUILT_PRODUCTS_DIR; };
		9803E7DB2AD69BF2006BB489 /* AppDelegate.swift */ = {isa = PBXFileReference; lastKnownFileType = sourcecode.swift; path = AppDelegate.swift; sourceTree = "<group>"; };
		9803E7DD2AD69BF2006BB489 /* SceneDelegate.swift */ = {isa = PBXFileReference; lastKnownFileType = sourcecode.swift; path = SceneDelegate.swift; sourceTree = "<group>"; };
		9803E7E22AD69BF2006BB489 /* Base */ = {isa = PBXFileReference; lastKnownFileType = file.storyboard; name = Base; path = Base.lproj/Main.storyboard; sourceTree = "<group>"; };
		9803E7E42AD69BF3006BB489 /* Assets.xcassets */ = {isa = PBXFileReference; lastKnownFileType = folder.assetcatalog; path = Assets.xcassets; sourceTree = "<group>"; };
		9803E7E72AD69BF3006BB489 /* Base */ = {isa = PBXFileReference; lastKnownFileType = file.storyboard; name = Base; path = Base.lproj/LaunchScreen.storyboard; sourceTree = "<group>"; };
		9803E7E92AD69BF3006BB489 /* Info.plist */ = {isa = PBXFileReference; lastKnownFileType = text.plist.xml; path = Info.plist; sourceTree = "<group>"; };
		9803E7F32AD69ED2006BB489 /* UserModel.swift */ = {isa = PBXFileReference; lastKnownFileType = sourcecode.swift; path = UserModel.swift; sourceTree = "<group>"; };
		9803E7F52AD69EEB006BB489 /* ApiConstants.swift */ = {isa = PBXFileReference; lastKnownFileType = sourcecode.swift; path = ApiConstants.swift; sourceTree = "<group>"; };
		9803E7F82AD69F27006BB489 /* CollectionVC.swift */ = {isa = PBXFileReference; lastKnownFileType = sourcecode.swift; path = CollectionVC.swift; sourceTree = "<group>"; };
		9803E7FA2AD69F6B006BB489 /* CustomCell.swift */ = {isa = PBXFileReference; lastKnownFileType = sourcecode.swift; path = CustomCell.swift; sourceTree = "<group>"; };
		9803E7FD2AD69FFB006BB489 /* ImageVC.swift */ = {isa = PBXFileReference; lastKnownFileType = sourcecode.swift; path = ImageVC.swift; sourceTree = "<group>"; };
		9803E8002AD6A0F2006BB489 /* UsersTVC.swift */ = {isa = PBXFileReference; lastKnownFileType = sourcecode.swift; path = UsersTVC.swift; sourceTree = "<group>"; };
		9803E8022AD6A133006BB489 /* UsersCell.swift */ = {isa = PBXFileReference; lastKnownFileType = sourcecode.swift; path = UsersCell.swift; sourceTree = "<group>"; };
		9803E8052AD6A493006BB489 /* DetailVC.swift */ = {isa = PBXFileReference; lastKnownFileType = sourcecode.swift; path = DetailVC.swift; sourceTree = "<group>"; };
		9803E80E2AD6E646006BB489 /* PostsVC.swift */ = {isa = PBXFileReference; lastKnownFileType = sourcecode.swift; path = PostsVC.swift; sourceTree = "<group>"; };
		9803E8102AD6EBD4006BB489 /* PostsCell.swift */ = {isa = PBXFileReference; lastKnownFileType = sourcecode.swift; path = PostsCell.swift; sourceTree = "<group>"; };
		98A9440D2ADD2AA800C0D22D /* NetworkServices.swift */ = {isa = PBXFileReference; lastKnownFileType = sourcecode.swift; path = NetworkServices.swift; sourceTree = "<group>"; };
		98A944102ADD366400C0D22D /* CreateUserVC.swift */ = {isa = PBXFileReference; lastKnownFileType = sourcecode.swift; path = CreateUserVC.swift; sourceTree = "<group>"; };
/* End PBXFileReference section */

/* Begin PBXFrameworksBuildPhase section */
		9803E7D52AD69BF1006BB489 /* Frameworks */ = {
			isa = PBXFrameworksBuildPhase;
			buildActionMask = 2147483647;
			files = (
				98A9440B2ADD276E00C0D22D /* SwiftyJSON in Frameworks */,
				98A944052ADD270E00C0D22D /* Alamofire in Frameworks */,
				98A944082ADD275000C0D22D /* AlamofireImage in Frameworks */,
			);
			runOnlyForDeploymentPostprocessing = 0;
		};
/* End PBXFrameworksBuildPhase section */

/* Begin PBXGroup section */
		9803E7CF2AD69BF1006BB489 = {
			isa = PBXGroup;
			children = (
				9803E7DA2AD69BF1006BB489 /* HomeWork24 */,
				9803E7D92AD69BF1006BB489 /* Products */,
			);
			sourceTree = "<group>";
		};
		9803E7D92AD69BF1006BB489 /* Products */ = {
			isa = PBXGroup;
			children = (
				9803E7D82AD69BF1006BB489 /* HomeWork24.app */,
			);
			name = Products;
			sourceTree = "<group>";
		};
		9803E7DA2AD69BF1006BB489 /* HomeWork24 */ = {
			isa = PBXGroup;
			children = (
				98A9440C2ADD2A9100C0D22D /* Services */,
				9803E7F22AD69D9A006BB489 /* Models */,
				9803E7F02AD69D80006BB489 /* Views */,
				9803E7F12AD69D8F006BB489 /* Controllers */,
				9803E7EF2AD69D71006BB489 /* APP */,
				9803E7E42AD69BF3006BB489 /* Assets.xcassets */,
				9803E7E92AD69BF3006BB489 /* Info.plist */,
			);
			path = HomeWork24;
			sourceTree = "<group>";
		};
		9803E7EF2AD69D71006BB489 /* APP */ = {
			isa = PBXGroup;
			children = (
				9803E7DB2AD69BF2006BB489 /* AppDelegate.swift */,
				9803E7DD2AD69BF2006BB489 /* SceneDelegate.swift */,
			);
			path = APP;
			sourceTree = "<group>";
		};
		9803E7F02AD69D80006BB489 /* Views */ = {
			isa = PBXGroup;
			children = (
				9803E7E12AD69BF2006BB489 /* Main.storyboard */,
				9803E7E62AD69BF3006BB489 /* LaunchScreen.storyboard */,
			);
			path = Views;
			sourceTree = "<group>";
		};
		9803E7F12AD69D8F006BB489 /* Controllers */ = {
			isa = PBXGroup;
			children = (
				98A9440F2ADD364600C0D22D /* CreateUserVC */,
				9803E80D2AD6E619006BB489 /* PostsVC */,
				9803E8042AD6A465006BB489 /* DetailVC */,
				9803E7F72AD69F0A006BB489 /* CollectionVC */,
				9803E7FC2AD69FE4006BB489 /* ImageView */,
				9803E7FF2AD6A0CF006BB489 /* UsersTVC */,
			);
			path = Controllers;
			sourceTree = "<group>";
		};
		9803E7F22AD69D9A006BB489 /* Models */ = {
			isa = PBXGroup;
			children = (
				9803E7F32AD69ED2006BB489 /* UserModel.swift */,
				9803E7F52AD69EEB006BB489 /* ApiConstants.swift */,
			);
			path = Models;
			sourceTree = "<group>";
		};
		9803E7F72AD69F0A006BB489 /* CollectionVC */ = {
			isa = PBXGroup;
			children = (
				9803E7F82AD69F27006BB489 /* CollectionVC.swift */,
				9803E7FA2AD69F6B006BB489 /* CustomCell.swift */,
			);
			path = CollectionVC;
			sourceTree = "<group>";
		};
		9803E7FC2AD69FE4006BB489 /* ImageView */ = {
			isa = PBXGroup;
			children = (
				9803E7FD2AD69FFB006BB489 /* ImageVC.swift */,
			);
			path = ImageView;
			sourceTree = "<group>";
		};
		9803E7FF2AD6A0CF006BB489 /* UsersTVC */ = {
			isa = PBXGroup;
			children = (
				9803E8002AD6A0F2006BB489 /* UsersTVC.swift */,
				9803E8022AD6A133006BB489 /* UsersCell.swift */,
			);
			path = UsersTVC;
			sourceTree = "<group>";
		};
		9803E8042AD6A465006BB489 /* DetailVC */ = {
			isa = PBXGroup;
			children = (
				9803E8052AD6A493006BB489 /* DetailVC.swift */,
			);
			path = DetailVC;
			sourceTree = "<group>";
		};
		9803E80D2AD6E619006BB489 /* PostsVC */ = {
			isa = PBXGroup;
			children = (
				9803E80E2AD6E646006BB489 /* PostsVC.swift */,
				9803E8102AD6EBD4006BB489 /* PostsCell.swift */,
			);
			path = PostsVC;
			sourceTree = "<group>";
		};
		98A9440C2ADD2A9100C0D22D /* Services */ = {
			isa = PBXGroup;
			children = (
				98A9440D2ADD2AA800C0D22D /* NetworkServices.swift */,
			);
			path = Services;
			sourceTree = "<group>";
		};
		98A9440F2ADD364600C0D22D /* CreateUserVC */ = {
			isa = PBXGroup;
			children = (
				98A944102ADD366400C0D22D /* CreateUserVC.swift */,
			);
			path = CreateUserVC;
			sourceTree = "<group>";
		};
/* End PBXGroup section */

/* Begin PBXNativeTarget section */
		9803E7D72AD69BF1006BB489 /* HomeWork24 */ = {
			isa = PBXNativeTarget;
			buildConfigurationList = 9803E7EC2AD69BF3006BB489 /* Build configuration list for PBXNativeTarget "HomeWork24" */;
			buildPhases = (
				9803E7D42AD69BF1006BB489 /* Sources */,
				9803E7D52AD69BF1006BB489 /* Frameworks */,
				9803E7D62AD69BF1006BB489 /* Resources */,
			);
			buildRules = (
			);
			dependencies = (
			);
			name = HomeWork24;
			packageProductDependencies = (
				98A944042ADD270E00C0D22D /* Alamofire */,
				98A944072ADD275000C0D22D /* AlamofireImage */,
				98A9440A2ADD276E00C0D22D /* SwiftyJSON */,
			);
			productName = HomeWork24;
			productReference = 9803E7D82AD69BF1006BB489 /* HomeWork24.app */;
			productType = "com.apple.product-type.application";
		};
/* End PBXNativeTarget section */

/* Begin PBXProject section */
		9803E7D02AD69BF1006BB489 /* Project object */ = {
			isa = PBXProject;
			attributes = {
				BuildIndependentTargetsInParallel = 1;
				LastSwiftUpdateCheck = 1500;
				LastUpgradeCheck = 1500;
				TargetAttributes = {
					9803E7D72AD69BF1006BB489 = {
						CreatedOnToolsVersion = 15.0;
					};
				};
			};
			buildConfigurationList = 9803E7D32AD69BF1006BB489 /* Build configuration list for PBXProject "HomeWork24" */;
			compatibilityVersion = "Xcode 14.0";
			developmentRegion = en;
			hasScannedForEncodings = 0;
			knownRegions = (
				en,
				Base,
			);
			mainGroup = 9803E7CF2AD69BF1006BB489;
			packageReferences = (
				98A944032ADD270E00C0D22D /* XCRemoteSwiftPackageReference "Alamofire" */,
				98A944062ADD275000C0D22D /* XCRemoteSwiftPackageReference "AlamofireImage" */,
				98A944092ADD276E00C0D22D /* XCRemoteSwiftPackageReference "SwiftyJSON" */,
			);
			productRefGroup = 9803E7D92AD69BF1006BB489 /* Products */;
			projectDirPath = "";
			projectRoot = "";
			targets = (
				9803E7D72AD69BF1006BB489 /* HomeWork24 */,
			);
		};
/* End PBXProject section */

/* Begin PBXResourcesBuildPhase section */
		9803E7D62AD69BF1006BB489 /* Resources */ = {
			isa = PBXResourcesBuildPhase;
			buildActionMask = 2147483647;
			files = (
				9803E7E82AD69BF3006BB489 /* LaunchScreen.storyboard in Resources */,
				9803E7E52AD69BF3006BB489 /* Assets.xcassets in Resources */,
				9803E7E32AD69BF2006BB489 /* Main.storyboard in Resources */,
			);
			runOnlyForDeploymentPostprocessing = 0;
		};
/* End PBXResourcesBuildPhase section */

/* Begin PBXSourcesBuildPhase section */
		9803E7D42AD69BF1006BB489 /* Sources */ = {
			isa = PBXSourcesBuildPhase;
			buildActionMask = 2147483647;
			files = (
				9803E8012AD6A0F2006BB489 /* UsersTVC.swift in Sources */,
				98A9440E2ADD2AA800C0D22D /* NetworkServices.swift in Sources */,
				9803E8032AD6A133006BB489 /* UsersCell.swift in Sources */,
				9803E7F62AD69EEB006BB489 /* ApiConstants.swift in Sources */,
				9803E7DC2AD69BF2006BB489 /* AppDelegate.swift in Sources */,
				9803E8112AD6EBD4006BB489 /* PostsCell.swift in Sources */,
				9803E7FE2AD69FFB006BB489 /* ImageVC.swift in Sources */,
				9803E80F2AD6E646006BB489 /* PostsVC.swift in Sources */,
				9803E8062AD6A493006BB489 /* DetailVC.swift in Sources */,
				9803E7F42AD69ED2006BB489 /* UserModel.swift in Sources */,
				9803E7DE2AD69BF2006BB489 /* SceneDelegate.swift in Sources */,
				9803E7FB2AD69F6B006BB489 /* CustomCell.swift in Sources */,
				9803E7F92AD69F27006BB489 /* CollectionVC.swift in Sources */,
				98A944112ADD366400C0D22D /* CreateUserVC.swift in Sources */,
			);
			runOnlyForDeploymentPostprocessing = 0;
		};
/* End PBXSourcesBuildPhase section */

/* Begin PBXVariantGroup section */
		9803E7E12AD69BF2006BB489 /* Main.storyboard */ = {
			isa = PBXVariantGroup;
			children = (
				9803E7E22AD69BF2006BB489 /* Base */,
			);
			name = Main.storyboard;
			sourceTree = "<group>";
		};
		9803E7E62AD69BF3006BB489 /* LaunchScreen.storyboard */ = {
			isa = PBXVariantGroup;
			children = (
				9803E7E72AD69BF3006BB489 /* Base */,
			);
			name = LaunchScreen.storyboard;
			sourceTree = "<group>";
		};
/* End PBXVariantGroup section */

/* Begin XCBuildConfiguration section */
		9803E7EA2AD69BF3006BB489 /* Debug */ = {
			isa = XCBuildConfiguration;
			buildSettings = {
				ALWAYS_SEARCH_USER_PATHS = NO;
				ASSETCATALOG_COMPILER_GENERATE_SWIFT_ASSET_SYMBOL_EXTENSIONS = YES;
				CLANG_ANALYZER_NONNULL = YES;
				CLANG_ANALYZER_NUMBER_OBJECT_CONVERSION = YES_AGGRESSIVE;
				CLANG_CXX_LANGUAGE_STANDARD = "gnu++20";
				CLANG_ENABLE_MODULES = YES;
				CLANG_ENABLE_OBJC_ARC = YES;
				CLANG_ENABLE_OBJC_WEAK = YES;
				CLANG_WARN_BLOCK_CAPTURE_AUTORELEASING = YES;
				CLANG_WARN_BOOL_CONVERSION = YES;
				CLANG_WARN_COMMA = YES;
				CLANG_WARN_CONSTANT_CONVERSION = YES;
				CLANG_WARN_DEPRECATED_OBJC_IMPLEMENTATIONS = YES;
				CLANG_WARN_DIRECT_OBJC_ISA_USAGE = YES_ERROR;
				CLANG_WARN_DOCUMENTATION_COMMENTS = YES;
				CLANG_WARN_EMPTY_BODY = YES;
				CLANG_WARN_ENUM_CONVERSION = YES;
				CLANG_WARN_INFINITE_RECURSION = YES;
				CLANG_WARN_INT_CONVERSION = YES;
				CLANG_WARN_NON_LITERAL_NULL_CONVERSION = YES;
				CLANG_WARN_OBJC_IMPLICIT_RETAIN_SELF = YES;
				CLANG_WARN_OBJC_LITERAL_CONVERSION = YES;
				CLANG_WARN_OBJC_ROOT_CLASS = YES_ERROR;
				CLANG_WARN_QUOTED_INCLUDE_IN_FRAMEWORK_HEADER = YES;
				CLANG_WARN_RANGE_LOOP_ANALYSIS = YES;
				CLANG_WARN_STRICT_PROTOTYPES = YES;
				CLANG_WARN_SUSPICIOUS_MOVE = YES;
				CLANG_WARN_UNGUARDED_AVAILABILITY = YES_AGGRESSIVE;
				CLANG_WARN_UNREACHABLE_CODE = YES;
				CLANG_WARN__DUPLICATE_METHOD_MATCH = YES;
				COPY_PHASE_STRIP = NO;
				DEBUG_INFORMATION_FORMAT = dwarf;
				ENABLE_STRICT_OBJC_MSGSEND = YES;
				ENABLE_TESTABILITY = YES;
				ENABLE_USER_SCRIPT_SANDBOXING = YES;
				GCC_C_LANGUAGE_STANDARD = gnu17;
				GCC_DYNAMIC_NO_PIC = NO;
				GCC_NO_COMMON_BLOCKS = YES;
				GCC_OPTIMIZATION_LEVEL = 0;
				GCC_PREPROCESSOR_DEFINITIONS = (
					"DEBUG=1",
					"$(inherited)",
				);
				GCC_WARN_64_TO_32_BIT_CONVERSION = YES;
				GCC_WARN_ABOUT_RETURN_TYPE = YES_ERROR;
				GCC_WARN_UNDECLARED_SELECTOR = YES;
				GCC_WARN_UNINITIALIZED_AUTOS = YES_AGGRESSIVE;
				GCC_WARN_UNUSED_FUNCTION = YES;
				GCC_WARN_UNUSED_VARIABLE = YES;
				IPHONEOS_DEPLOYMENT_TARGET = 17.0;
				LOCALIZATION_PREFERS_STRING_CATALOGS = YES;
				MTL_ENABLE_DEBUG_INFO = INCLUDE_SOURCE;
				MTL_FAST_MATH = YES;
				ONLY_ACTIVE_ARCH = YES;
				SDKROOT = iphoneos;
				SWIFT_ACTIVE_COMPILATION_CONDITIONS = "DEBUG $(inherited)";
				SWIFT_OPTIMIZATION_LEVEL = "-Onone";
			};
			name = Debug;
		};
		9803E7EB2AD69BF3006BB489 /* Release */ = {
			isa = XCBuildConfiguration;
			buildSettings = {
				ALWAYS_SEARCH_USER_PATHS = NO;
				ASSETCATALOG_COMPILER_GENERATE_SWIFT_ASSET_SYMBOL_EXTENSIONS = YES;
				CLANG_ANALYZER_NONNULL = YES;
				CLANG_ANALYZER_NUMBER_OBJECT_CONVERSION = YES_AGGRESSIVE;
				CLANG_CXX_LANGUAGE_STANDARD = "gnu++20";
				CLANG_ENABLE_MODULES = YES;
				CLANG_ENABLE_OBJC_ARC = YES;
				CLANG_ENABLE_OBJC_WEAK = YES;
				CLANG_WARN_BLOCK_CAPTURE_AUTORELEASING = YES;
				CLANG_WARN_BOOL_CONVERSION = YES;
				CLANG_WARN_COMMA = YES;
				CLANG_WARN_CONSTANT_CONVERSION = YES;
				CLANG_WARN_DEPRECATED_OBJC_IMPLEMENTATIONS = YES;
				CLANG_WARN_DIRECT_OBJC_ISA_USAGE = YES_ERROR;
				CLANG_WARN_DOCUMENTATION_COMMENTS = YES;
				CLANG_WARN_EMPTY_BODY = YES;
				CLANG_WARN_ENUM_CONVERSION = YES;
				CLANG_WARN_INFINITE_RECURSION = YES;
				CLANG_WARN_INT_CONVERSION = YES;
				CLANG_WARN_NON_LITERAL_NULL_CONVERSION = YES;
				CLANG_WARN_OBJC_IMPLICIT_RETAIN_SELF = YES;
				CLANG_WARN_OBJC_LITERAL_CONVERSION = YES;
				CLANG_WARN_OBJC_ROOT_CLASS = YES_ERROR;
				CLANG_WARN_QUOTED_INCLUDE_IN_FRAMEWORK_HEADER = YES;
				CLANG_WARN_RANGE_LOOP_ANALYSIS = YES;
				CLANG_WARN_STRICT_PROTOTYPES = YES;
				CLANG_WARN_SUSPICIOUS_MOVE = YES;
				CLANG_WARN_UNGUARDED_AVAILABILITY = YES_AGGRESSIVE;
				CLANG_WARN_UNREACHABLE_CODE = YES;
				CLANG_WARN__DUPLICATE_METHOD_MATCH = YES;
				COPY_PHASE_STRIP = NO;
				DEBUG_INFORMATION_FORMAT = "dwarf-with-dsym";
				ENABLE_NS_ASSERTIONS = NO;
				ENABLE_STRICT_OBJC_MSGSEND = YES;
				ENABLE_USER_SCRIPT_SANDBOXING = YES;
				GCC_C_LANGUAGE_STANDARD = gnu17;
				GCC_NO_COMMON_BLOCKS = YES;
				GCC_WARN_64_TO_32_BIT_CONVERSION = YES;
				GCC_WARN_ABOUT_RETURN_TYPE = YES_ERROR;
				GCC_WARN_UNDECLARED_SELECTOR = YES;
				GCC_WARN_UNINITIALIZED_AUTOS = YES_AGGRESSIVE;
				GCC_WARN_UNUSED_FUNCTION = YES;
				GCC_WARN_UNUSED_VARIABLE = YES;
				IPHONEOS_DEPLOYMENT_TARGET = 17.0;
				LOCALIZATION_PREFERS_STRING_CATALOGS = YES;
				MTL_ENABLE_DEBUG_INFO = NO;
				MTL_FAST_MATH = YES;
				SDKROOT = iphoneos;
				SWIFT_COMPILATION_MODE = wholemodule;
				VALIDATE_PRODUCT = YES;
			};
			name = Release;
		};
		9803E7ED2AD69BF3006BB489 /* Debug */ = {
			isa = XCBuildConfiguration;
			buildSettings = {
				ASSETCATALOG_COMPILER_APPICON_NAME = AppIcon;
				ASSETCATALOG_COMPILER_GLOBAL_ACCENT_COLOR_NAME = AccentColor;
				CODE_SIGN_STYLE = Automatic;
				CURRENT_PROJECT_VERSION = 1;
				DEVELOPMENT_TEAM = MCK9LL98Q8;
				GENERATE_INFOPLIST_FILE = YES;
				INFOPLIST_FILE = HomeWork24/Info.plist;
				INFOPLIST_KEY_UIApplicationSupportsIndirectInputEvents = YES;
				INFOPLIST_KEY_UILaunchStoryboardName = LaunchScreen;
				INFOPLIST_KEY_UIMainStoryboardFile = Main;
				INFOPLIST_KEY_UISupportedInterfaceOrientations_iPad = "UIInterfaceOrientationPortrait UIInterfaceOrientationPortraitUpsideDown UIInterfaceOrientationLandscapeLeft UIInterfaceOrientationLandscapeRight";
				INFOPLIST_KEY_UISupportedInterfaceOrientations_iPhone = "UIInterfaceOrientationPortrait UIInterfaceOrientationLandscapeLeft UIInterfaceOrientationLandscapeRight";
				LD_RUNPATH_SEARCH_PATHS = (
					"$(inherited)",
					"@executable_path/Frameworks",
				);
				MARKETING_VERSION = 1.0;
				PRODUCT_BUNDLE_IDENTIFIER = by.HomeWork24;
				PRODUCT_NAME = "$(TARGET_NAME)";
				SWIFT_EMIT_LOC_STRINGS = YES;
				SWIFT_VERSION = 5.0;
				TARGETED_DEVICE_FAMILY = "1,2";
			};
			name = Debug;
		};
		9803E7EE2AD69BF3006BB489 /* Release */ = {
			isa = XCBuildConfiguration;
			buildSettings = {
				ASSETCATALOG_COMPILER_APPICON_NAME = AppIcon;
				ASSETCATALOG_COMPILER_GLOBAL_ACCENT_COLOR_NAME = AccentColor;
				CODE_SIGN_STYLE = Automatic;
				CURRENT_PROJECT_VERSION = 1;
				DEVELOPMENT_TEAM = MCK9LL98Q8;
				GENERATE_INFOPLIST_FILE = YES;
				INFOPLIST_FILE = HomeWork24/Info.plist;
				INFOPLIST_KEY_UIApplicationSupportsIndirectInputEvents = YES;
				INFOPLIST_KEY_UILaunchStoryboardName = LaunchScreen;
				INFOPLIST_KEY_UIMainStoryboardFile = Main;
				INFOPLIST_KEY_UISupportedInterfaceOrientations_iPad = "UIInterfaceOrientationPortrait UIInterfaceOrientationPortraitUpsideDown UIInterfaceOrientationLandscapeLeft UIInterfaceOrientationLandscapeRight";
				INFOPLIST_KEY_UISupportedInterfaceOrientations_iPhone = "UIInterfaceOrientationPortrait UIInterfaceOrientationLandscapeLeft UIInterfaceOrientationLandscapeRight";
				LD_RUNPATH_SEARCH_PATHS = (
					"$(inherited)",
					"@executable_path/Frameworks",
				);
				MARKETING_VERSION = 1.0;
				PRODUCT_BUNDLE_IDENTIFIER = by.HomeWork24;
				PRODUCT_NAME = "$(TARGET_NAME)";
				SWIFT_EMIT_LOC_STRINGS = YES;
				SWIFT_VERSION = 5.0;
				TARGETED_DEVICE_FAMILY = "1,2";
			};
			name = Release;
		};
/* End XCBuildConfiguration section */

/* Begin XCConfigurationList section */
		9803E7D32AD69BF1006BB489 /* Build configuration list for PBXProject "HomeWork24" */ = {
			isa = XCConfigurationList;
			buildConfigurations = (
				9803E7EA2AD69BF3006BB489 /* Debug */,
				9803E7EB2AD69BF3006BB489 /* Release */,
			);
			defaultConfigurationIsVisible = 0;
			defaultConfigurationName = Release;
		};
		9803E7EC2AD69BF3006BB489 /* Build configuration list for PBXNativeTarget "HomeWork24" */ = {
			isa = XCConfigurationList;
			buildConfigurations = (
				9803E7ED2AD69BF3006BB489 /* Debug */,
				9803E7EE2AD69BF3006BB489 /* Release */,
			);
			defaultConfigurationIsVisible = 0;
			defaultConfigurationName = Release;
		};
/* End XCConfigurationList section */

/* Begin XCRemoteSwiftPackageReference section */
		98A944032ADD270E00C0D22D /* XCRemoteSwiftPackageReference "Alamofire" */ = {
			isa = XCRemoteSwiftPackageReference;
			repositoryURL = "https://github.com/Alamofire/Alamofire.git";
			requirement = {
				kind = upToNextMajorVersion;
				minimumVersion = 5.8.0;
			};
		};
		98A944062ADD275000C0D22D /* XCRemoteSwiftPackageReference "AlamofireImage" */ = {
			isa = XCRemoteSwiftPackageReference;
			repositoryURL = "https://github.com/Alamofire/AlamofireImage.git";
			requirement = {
				kind = upToNextMajorVersion;
				minimumVersion = 4.3.0;
			};
		};
		98A944092ADD276E00C0D22D /* XCRemoteSwiftPackageReference "SwiftyJSON" */ = {
			isa = XCRemoteSwiftPackageReference;
			repositoryURL = "https://github.com/SwiftyJSON/SwiftyJSON.git";
			requirement = {
				kind = upToNextMajorVersion;
				minimumVersion = 5.0.1;
			};
		};
/* End XCRemoteSwiftPackageReference section */

/* Begin XCSwiftPackageProductDependency section */
		98A944042ADD270E00C0D22D /* Alamofire */ = {
			isa = XCSwiftPackageProductDependency;
			package = 98A944032ADD270E00C0D22D /* XCRemoteSwiftPackageReference "Alamofire" */;
			productName = Alamofire;
		};
		98A944072ADD275000C0D22D /* AlamofireImage */ = {
			isa = XCSwiftPackageProductDependency;
			package = 98A944062ADD275000C0D22D /* XCRemoteSwiftPackageReference "AlamofireImage" */;
			productName = AlamofireImage;
		};
		98A9440A2ADD276E00C0D22D /* SwiftyJSON */ = {
			isa = XCSwiftPackageProductDependency;
			package = 98A944092ADD276E00C0D22D /* XCRemoteSwiftPackageReference "SwiftyJSON" */;
			productName = SwiftyJSON;
		};
/* End XCSwiftPackageProductDependency section */
	};
	rootObject = 9803E7D02AD69BF1006BB489 /* Project object */;
}
